
Microsoft Visual Studio Solution File, Format Version 12.00
# Visual Studio Version 17
VisualStudioVersion = 17.5.33424.131
MinimumVisualStudioVersion = 10.0.40219.1
Project("{FAE04EC0-301F-11D3-BF4B-00C04F79EFBC}") = "ExercicioArray.ConsoleApp", "ExercicioArray.ConsoleApp\ExercicioArray.ConsoleApp.csproj", "{2598C204-45F8-4E58-98C9-0D87E0B28377}"
EndProject
Global
	GlobalSection(SolutionConfigurationPlatforms) = preSolution
		Debug|Any CPU = Debug|Any CPU
		Release|Any CPU = Release|Any CPU
	EndGlobalSection
	GlobalSection(ProjectConfigurationPlatforms) = postSolution
		{2598C204-45F8-4E58-98C9-0D87E0B28377}.Debug|Any CPU.ActiveCfg = Debug|Any CPU
		{2598C204-45F8-4E58-98C9-0D87E0B28377}.Debug|Any CPU.Build.0 = Debug|Any CPU
		{2598C204-45F8-4E58-98C9-0D87E0B28377}.Release|Any CPU.ActiveCfg = Release|Any CPU
		{2598C204-45F8-4E58-98C9-0D87E0B28377}.Release|Any CPU.Build.0 = Release|Any CPU
	EndGlobalSection
	GlobalSection(SolutionProperties) = preSolution
		HideSolutionNode = FALSE
	EndGlobalSection
	GlobalSection(ExtensibilityGlobals) = postSolution
		SolutionGuid = {9DED0743-325E-4E2A-A5F6-96C24174C8C3}
	EndGlobalSection
EndGlobal
